
Microsoft Visual Studio Solution File, Format Version 12.00
# Visual Studio Version 17
VisualStudioVersion = 17.10.35013.160
MinimumVisualStudioVersion = 10.0.40219.1
Project("{9A19103F-16F7-4668-BE54-9A1E7A4F7556}") = "TechnicalAssignment", "TechnicalAssignment\TechnicalAssignment.csproj", "{5F20DAE3-98F1-426A-924F-A8746A6B0A76}"
EndProject
Project("{9A19103F-16F7-4668-BE54-9A1E7A4F7556}") = "TechnicalAssignment.Application", "TechnicalAssignment.Application\TechnicalAssignment.Application.csproj", "{1837D314-CCFB-41DC-BDB8-59904B4A6E9D}"
EndProject
Project("{9A19103F-16F7-4668-BE54-9A1E7A4F7556}") = "TechnicalAssignment.Infrastructure", "TechnicalAssignment.Infrastructure\TechnicalAssignment.Infrastructure.csproj", "{4A1171F3-8498-4CC4-A340-C66C7D096013}"
EndProject
Project("{9A19103F-16F7-4668-BE54-9A1E7A4F7556}") = "TechnicalAssignment.Core", "TechnicalAssignment.Core\TechnicalAssignment.Core.csproj", "{93C2FBE9-8F34-4BC6-8D55-158C547FDE95}"
EndProject
Project("{2150E333-8FDC-42A3-9474-1A3956D46DE8}") = "tests", "tests", "{A7DA4A4E-A41C-41B4-980F-60FE8F958AA3}"
EndProject
Project("{FAE04EC0-301F-11D3-BF4B-00C04F79EFBC}") = "TechnicalAssignment.UnitTests", "TechnicalAssignment.UnitTests\TechnicalAssignment.UnitTests.csproj", "{6611F5CB-4231-4AB3-8F70-446054642D16}"
EndProject
Global
	GlobalSection(SolutionConfigurationPlatforms) = preSolution
		Debug|Any CPU = Debug|Any CPU
		Release|Any CPU = Release|Any CPU
	EndGlobalSection
	GlobalSection(ProjectConfigurationPlatforms) = postSolution
		{5F20DAE3-98F1-426A-924F-A8746A6B0A76}.Debug|Any CPU.ActiveCfg = Debug|Any CPU
		{5F20DAE3-98F1-426A-924F-A8746A6B0A76}.Debug|Any CPU.Build.0 = Debug|Any CPU
		{5F20DAE3-98F1-426A-924F-A8746A6B0A76}.Release|Any CPU.ActiveCfg = Release|Any CPU
		{5F20DAE3-98F1-426A-924F-A8746A6B0A76}.Release|Any CPU.Build.0 = Release|Any CPU
		{1837D314-CCFB-41DC-BDB8-59904B4A6E9D}.Debug|Any CPU.ActiveCfg = Debug|Any CPU
		{1837D314-CCFB-41DC-BDB8-59904B4A6E9D}.Debug|Any CPU.Build.0 = Debug|Any CPU
		{1837D314-CCFB-41DC-BDB8-59904B4A6E9D}.Release|Any CPU.ActiveCfg = Release|Any CPU
		{1837D314-CCFB-41DC-BDB8-59904B4A6E9D}.Release|Any CPU.Build.0 = Release|Any CPU
		{4A1171F3-8498-4CC4-A340-C66C7D096013}.Debug|Any CPU.ActiveCfg = Debug|Any CPU
		{4A1171F3-8498-4CC4-A340-C66C7D096013}.Debug|Any CPU.Build.0 = Debug|Any CPU
		{4A1171F3-8498-4CC4-A340-C66C7D096013}.Release|Any CPU.ActiveCfg = Release|Any CPU
		{4A1171F3-8498-4CC4-A340-C66C7D096013}.Release|Any CPU.Build.0 = Release|Any CPU
		{93C2FBE9-8F34-4BC6-8D55-158C547FDE95}.Debug|Any CPU.ActiveCfg = Debug|Any CPU
		{93C2FBE9-8F34-4BC6-8D55-158C547FDE95}.Debug|Any CPU.Build.0 = Debug|Any CPU
		{93C2FBE9-8F34-4BC6-8D55-158C547FDE95}.Release|Any CPU.ActiveCfg = Release|Any CPU
		{93C2FBE9-8F34-4BC6-8D55-158C547FDE95}.Release|Any CPU.Build.0 = Release|Any CPU
		{6611F5CB-4231-4AB3-8F70-446054642D16}.Debug|Any CPU.ActiveCfg = Debug|Any CPU
		{6611F5CB-4231-4AB3-8F70-446054642D16}.Debug|Any CPU.Build.0 = Debug|Any CPU
		{6611F5CB-4231-4AB3-8F70-446054642D16}.Release|Any CPU.ActiveCfg = Release|Any CPU
		{6611F5CB-4231-4AB3-8F70-446054642D16}.Release|Any CPU.Build.0 = Release|Any CPU
	EndGlobalSection
	GlobalSection(SolutionProperties) = preSolution
		HideSolutionNode = FALSE
	EndGlobalSection
	GlobalSection(ExtensibilityGlobals) = postSolution
		SolutionGuid = {897A3FFA-DD06-4E3E-BD4F-2644AE17ABF5}
	EndGlobalSection
	GlobalSection(NestedProjects) = preSolution
		{6611F5CB-4231-4AB3-8F70-446054642D16} = {A7DA4A4E-A41C-41B4-980F-60FE8F958AA3}
	EndGlobalSection
EndGlobal
